
Microsoft Visual Studio Solution File, Format Version 12.00
# Visual Studio 15
VisualStudioVersion = 15.0.27703.2035
MinimumVisualStudioVersion = 10.0.40219.1
Project("{FAE04EC0-301F-11D3-BF4B-00C04F79EFBC}") = "CryptoLib", "CryptoLib\CryptoLib.csproj", "{1C0448AD-194B-4FD9-8EBC-E3BC82DBD2DC}"
EndProject
Project("{FAE04EC0-301F-11D3-BF4B-00C04F79EFBC}") = "CryptoWCFService", "CryptoWCFService\CryptoWCFService.csproj", "{8C37F28F-FA62-486B-8F5A-A6513C7A440B}"
EndProject
Project("{FAE04EC0-301F-11D3-BF4B-00C04F79EFBC}") = "CryptoApp", "CryptoApp\CryptoApp.csproj", "{7E288292-8CE1-4290-BCE1-207EC2DC918E}"
EndProject
Global
	GlobalSection(SolutionConfigurationPlatforms) = preSolution
		Debug|Any CPU = Debug|Any CPU
		Release|Any CPU = Release|Any CPU
	EndGlobalSection
	GlobalSection(ProjectConfigurationPlatforms) = postSolution
		{1C0448AD-194B-4FD9-8EBC-E3BC82DBD2DC}.Debug|Any CPU.ActiveCfg = Debug|Any CPU
		{1C0448AD-194B-4FD9-8EBC-E3BC82DBD2DC}.Debug|Any CPU.Build.0 = Debug|Any CPU
		{1C0448AD-194B-4FD9-8EBC-E3BC82DBD2DC}.Release|Any CPU.ActiveCfg = Release|Any CPU
		{1C0448AD-194B-4FD9-8EBC-E3BC82DBD2DC}.Release|Any CPU.Build.0 = Release|Any CPU
		{8C37F28F-FA62-486B-8F5A-A6513C7A440B}.Debug|Any CPU.ActiveCfg = Debug|Any CPU
		{8C37F28F-FA62-486B-8F5A-A6513C7A440B}.Debug|Any CPU.Build.0 = Debug|Any CPU
		{8C37F28F-FA62-486B-8F5A-A6513C7A440B}.Release|Any CPU.ActiveCfg = Release|Any CPU
		{8C37F28F-FA62-486B-8F5A-A6513C7A440B}.Release|Any CPU.Build.0 = Release|Any CPU
		{7E288292-8CE1-4290-BCE1-207EC2DC918E}.Debug|Any CPU.ActiveCfg = Debug|Any CPU
		{7E288292-8CE1-4290-BCE1-207EC2DC918E}.Debug|Any CPU.Build.0 = Debug|Any CPU
		{7E288292-8CE1-4290-BCE1-207EC2DC918E}.Release|Any CPU.ActiveCfg = Release|Any CPU
		{7E288292-8CE1-4290-BCE1-207EC2DC918E}.Release|Any CPU.Build.0 = Release|Any CPU
	EndGlobalSection
	GlobalSection(SolutionProperties) = preSolution
		HideSolutionNode = FALSE
	EndGlobalSection
	GlobalSection(ExtensibilityGlobals) = postSolution
		SolutionGuid = {7372EC10-75B5-47D7-8272-AAEAF163C142}
	EndGlobalSection
EndGlobal
